// !$*UTF8*$!
{
	archiveVersion = 1;
	classes = {
	};
	objectVersion = 50;
	objects = {

/* Begin PBXBuildFile section */
		D70DDE72269ACA4A00B99785 /* btn_purchase.png in Resources */ = {isa = PBXBuildFile; fileRef = D70DDE71269ACA4A00B99785 /* btn_purchase.png */; };
		D70DDE76269ACD0E00B99785 /* logo.png in Resources */ = {isa = PBXBuildFile; fileRef = D70DDE75269ACD0E00B99785 /* logo.png */; };
		D7173412267D193A00839D00 /* ResultViewController.swift in Sources */ = {isa = PBXBuildFile; fileRef = D7173411267D193A00839D00 /* ResultViewController.swift */; };
		D7246F1C2657888F00715C2A /* BoardViewController.swift in Sources */ = {isa = PBXBuildFile; fileRef = D7246F1B2657888F00715C2A /* BoardViewController.swift */; };
		D7246F262657915D00715C2A /* block_b.png in Resources */ = {isa = PBXBuildFile; fileRef = D7246F202657915C00715C2A /* block_b.png */; };
		D7246F272657915D00715C2A /* block_r.png in Resources */ = {isa = PBXBuildFile; fileRef = D7246F212657915C00715C2A /* block_r.png */; };
		D7246F282657915D00715C2A /* block_w.png in Resources */ = {isa = PBXBuildFile; fileRef = D7246F222657915D00715C2A /* block_w.png */; };
		D7246F292657915D00715C2A /* block_y.png in Resources */ = {isa = PBXBuildFile; fileRef = D7246F232657915D00715C2A /* block_y.png */; };
		D7246F2A2657915D00715C2A /* block_g.png in Resources */ = {isa = PBXBuildFile; fileRef = D7246F242657915D00715C2A /* block_g.png */; };
		D72C005E2643CE8900EDDA28 /* Assets.xcassets in Resources */ = {isa = PBXBuildFile; fileRef = D72C005D2643CE8900EDDA28 /* Assets.xcassets */; };
		D72C00652643CE8900EDDA28 /* TileDash MessagesExtension.appex in Embed App Extensions */ = {isa = PBXBuildFile; fileRef = D72C00642643CE8900EDDA28 /* TileDash MessagesExtension.appex */; settings = {ATTRIBUTES = (RemoveHeadersOnCopy, ); }; };
		D72C006A2643CE8900EDDA28 /* Messages.framework in Frameworks */ = {isa = PBXBuildFile; fileRef = D72C00692643CE8900EDDA28 /* Messages.framework */; };
		D72C006D2643CE8900EDDA28 /* MessagesViewController.swift in Sources */ = {isa = PBXBuildFile; fileRef = D72C006C2643CE8900EDDA28 /* MessagesViewController.swift */; };
		D72C00702643CE8900EDDA28 /* MainInterface.storyboard in Resources */ = {isa = PBXBuildFile; fileRef = D72C006E2643CE8900EDDA28 /* MainInterface.storyboard */; };
		D72C00722643CE8A00EDDA28 /* Assets.xcassets in Resources */ = {isa = PBXBuildFile; fileRef = D72C00712643CE8A00EDDA28 /* Assets.xcassets */; };
		D73A57932667FE890074C76A /* WinnerViewController.swift in Sources */ = {isa = PBXBuildFile; fileRef = D73A57922667FE890074C76A /* WinnerViewController.swift */; };
		D73A57952668027C0074C76A /* LoserViewController.swift in Sources */ = {isa = PBXBuildFile; fileRef = D73A57942668027C0074C76A /* LoserViewController.swift */; };
		D74A904026726F06000C875A /* block_o.png in Resources */ = {isa = PBXBuildFile; fileRef = D74A903F26726F06000C875A /* block_o.png */; };
		D75B205F2666DCDB00117310 /* btn_play.png in Resources */ = {isa = PBXBuildFile; fileRef = D75B205C2666DCDB00117310 /* btn_play.png */; };
		D75B20602666DCDB00117310 /* winner_icon.png in Resources */ = {isa = PBXBuildFile; fileRef = D75B205D2666DCDB00117310 /* winner_icon.png */; };
		D75DDD0B265BA9CB00E0DE09 /* ScramblerViewController.swift in Sources */ = {isa = PBXBuildFile; fileRef = D75DDD0A265BA9CB00E0DE09 /* ScramblerViewController.swift */; };
		D767640C26B7874D0001ECFB /* block_w_dino.png in Resources */ = {isa = PBXBuildFile; fileRef = D767640026B787490001ECFB /* block_w_dino.png */; };
		D767640D26B7874D0001ECFB /* block_b_space.png in Resources */ = {isa = PBXBuildFile; fileRef = D767640126B7874A0001ECFB /* block_b_space.png */; };
		D767640E26B7874D0001ECFB /* block_o_dino.png in Resources */ = {isa = PBXBuildFile; fileRef = D767640226B7874A0001ECFB /* block_o_dino.png */; };
		D767640F26B7874D0001ECFB /* block_o_space.png in Resources */ = {isa = PBXBuildFile; fileRef = D767640326B7874A0001ECFB /* block_o_space.png */; };
		D767641026B7874D0001ECFB /* block_g_dino.png in Resources */ = {isa = PBXBuildFile; fileRef = D767640426B7874B0001ECFB /* block_g_dino.png */; };
		D767641126B7874D0001ECFB /* block_w_space.png in Resources */ = {isa = PBXBuildFile; fileRef = D767640526B7874B0001ECFB /* block_w_space.png */; };
		D767641226B7874D0001ECFB /* block_r_space.png in Resources */ = {isa = PBXBuildFile; fileRef = D767640626B7874C0001ECFB /* block_r_space.png */; };
		D767641326B7874D0001ECFB /* block_g_space.png in Resources */ = {isa = PBXBuildFile; fileRef = D767640726B7874C0001ECFB /* block_g_space.png */; };
		D767641426B7874D0001ECFB /* block_y_dino.png in Resources */ = {isa = PBXBuildFile; fileRef = D767640826B7874C0001ECFB /* block_y_dino.png */; };
		D767641526B7874D0001ECFB /* block_r_dino.png in Resources */ = {isa = PBXBuildFile; fileRef = D767640926B7874C0001ECFB /* block_r_dino.png */; };
		D767641626B7874D0001ECFB /* block_y_space.png in Resources */ = {isa = PBXBuildFile; fileRef = D767640A26B7874D0001ECFB /* block_y_space.png */; };
		D767641726B7874D0001ECFB /* block_b_dino.png in Resources */ = {isa = PBXBuildFile; fileRef = D767640B26B7874D0001ECFB /* block_b_dino.png */; };
		D76D262126D629D000B3E2DC /* GoogleMobileAds.framework in Frameworks */ = {isa = PBXBuildFile; fileRef = D76D261B26D629CD00B3E2DC /* GoogleMobileAds.framework */; };
		D76D262226D629D000B3E2DC /* GoogleUtilities.framework in Frameworks */ = {isa = PBXBuildFile; fileRef = D76D261C26D629CD00B3E2DC /* GoogleUtilities.framework */; };
		D76D262326D629D000B3E2DC /* PromisesObjC.framework in Frameworks */ = {isa = PBXBuildFile; fileRef = D76D261D26D629CF00B3E2DC /* PromisesObjC.framework */; };
		D76D262426D629D000B3E2DC /* UserMessagingPlatform.framework in Frameworks */ = {isa = PBXBuildFile; fileRef = D76D261E26D629CF00B3E2DC /* UserMessagingPlatform.framework */; };
		D76D262526D629D000B3E2DC /* GoogleAppMeasurement.framework in Frameworks */ = {isa = PBXBuildFile; fileRef = D76D261F26D629CF00B3E2DC /* GoogleAppMeasurement.framework */; };
		D76D262626D629D000B3E2DC /* nanopb.framework in Frameworks */ = {isa = PBXBuildFile; fileRef = D76D262026D629CF00B3E2DC /* nanopb.framework */; };
		D76E2AE726B2D7DD00CAE0D2 /* IAPHelper.swift in Sources */ = {isa = PBXBuildFile; fileRef = D76E2AE626B2D7DD00CAE0D2 /* IAPHelper.swift */; };
		D77F108D2684E86600F9433A /* pink_rect.png in Resources */ = {isa = PBXBuildFile; fileRef = D77F108C2684E86600F9433A /* pink_rect.png */; };
		D77F108F2684EBAC00F9433A /* TutorialViewController.swift in Sources */ = {isa = PBXBuildFile; fileRef = D77F108E2684EBAC00F9433A /* TutorialViewController.swift */; };
		D783BD4026856286000A3670 /* hand.png in Resources */ = {isa = PBXBuildFile; fileRef = D783BD3F26856286000A3670 /* hand.png */; };
		D795044F26D1BBA60051A032 /* AVFoundation.framework in Frameworks */ = {isa = PBXBuildFile; fileRef = D795044E26D1BBA60051A032 /* AVFoundation.framework */; };
		D795045426D1BF1F0051A032 /* move.mp3 in Resources */ = {isa = PBXBuildFile; fileRef = D795045126D1BF1E0051A032 /* move.mp3 */; };
		D795045526D1BF1F0051A032 /* win.mp3 in Resources */ = {isa = PBXBuildFile; fileRef = D795045226D1BF1F0051A032 /* win.mp3 */; };
		D795045626D1BF1F0051A032 /* lose.mp3 in Resources */ = {isa = PBXBuildFile; fileRef = D795045326D1BF1F0051A032 /* lose.mp3 */; };
		D7A61B212686B477008ADDB5 /* btn_rematch.png in Resources */ = {isa = PBXBuildFile; fileRef = D7A61B1F2686B477008ADDB5 /* btn_rematch.png */; };
		D7A61B222686B477008ADDB5 /* btn_quit.png in Resources */ = {isa = PBXBuildFile; fileRef = D7A61B202686B477008ADDB5 /* btn_quit.png */; };
		D7A98DBA2699355900A5FB11 /* StoreVC.swift in Sources */ = {isa = PBXBuildFile; fileRef = D7A98DB92699355900A5FB11 /* StoreVC.swift */; };
		D7A98DC12699362400A5FB11 /* icon_lock.png in Resources */ = {isa = PBXBuildFile; fileRef = D7A98DBB2699362300A5FB11 /* icon_lock.png */; };
		D7A98DC22699362400A5FB11 /* icon_remove_ads.png in Resources */ = {isa = PBXBuildFile; fileRef = D7A98DBC2699362300A5FB11 /* icon_remove_ads.png */; };
		D7A98DC32699362400A5FB11 /* icon_theme2.png in Resources */ = {isa = PBXBuildFile; fileRef = D7A98DBD2699362300A5FB11 /* icon_theme2.png */; };
		D7A98DC42699362400A5FB11 /* icon_theme1.png in Resources */ = {isa = PBXBuildFile; fileRef = D7A98DBE2699362400A5FB11 /* icon_theme1.png */; };
		D7A98DC52699362400A5FB11 /* icon_coming_soon.png in Resources */ = {isa = PBXBuildFile; fileRef = D7A98DBF2699362400A5FB11 /* icon_coming_soon.png */; };
		D7A98DC62699362400A5FB11 /* icon_question.png in Resources */ = {isa = PBXBuildFile; fileRef = D7A98DC02699362400A5FB11 /* icon_question.png */; };
		D7A98DC82699399700A5FB11 /* btn_home.png in Resources */ = {isa = PBXBuildFile; fileRef = D7A98DC72699399700A5FB11 /* btn_home.png */; };
		D7B46B9326D62D9E0086FB90 /* StoreKit.framework in Frameworks */ = {isa = PBXBuildFile; fileRef = D76E2AE426B2D28000CAE0D2 /* StoreKit.framework */; };
		D7F82704265CB766007E7D12 /* MainMenuViewController.swift in Sources */ = {isa = PBXBuildFile; fileRef = D7F82703265CB766007E7D12 /* MainMenuViewController.swift */; };
		D7F82706265CBD40007E7D12 /* TileDash.swift in Sources */ = {isa = PBXBuildFile; fileRef = D7F82705265CBD40007E7D12 /* TileDash.swift */; };
		D7FC911C2667694E0049E1AA /* Teko-Bold.ttf in Resources */ = {isa = PBXBuildFile; fileRef = D7FC91172667694E0049E1AA /* Teko-Bold.ttf */; };
		D7FC911D2667694E0049E1AA /* Teko-Medium.ttf in Resources */ = {isa = PBXBuildFile; fileRef = D7FC91182667694E0049E1AA /* Teko-Medium.ttf */; };
		D7FC911E2667694E0049E1AA /* Teko-SemiBold.ttf in Resources */ = {isa = PBXBuildFile; fileRef = D7FC91192667694E0049E1AA /* Teko-SemiBold.ttf */; };
		D7FC911F2667694E0049E1AA /* Teko-Regular.ttf in Resources */ = {isa = PBXBuildFile; fileRef = D7FC911A2667694E0049E1AA /* Teko-Regular.ttf */; };
		D7FC91202667694E0049E1AA /* Teko-Light.ttf in Resources */ = {isa = PBXBuildFile; fileRef = D7FC911B2667694E0049E1AA /* Teko-Light.ttf */; };
		D7FEC6422658F5D4007A0182 /* GameViewController.swift in Sources */ = {isa = PBXBuildFile; fileRef = D7FEC6412658F5D4007A0182 /* GameViewController.swift */; };
/* End PBXBuildFile section */

/* Begin PBXContainerItemProxy section */
		D72C00662643CE8900EDDA28 /* PBXContainerItemProxy */ = {
			isa = PBXContainerItemProxy;
			containerPortal = D72C00542643CE8500EDDA28 /* Project object */;
			proxyType = 1;
			remoteGlobalIDString = D72C00632643CE8900EDDA28;
			remoteInfo = "TileDash MessagesExtension";
		};
/* End PBXContainerItemProxy section */

/* Begin PBXCopyFilesBuildPhase section */
		D72C00792643CE8A00EDDA28 /* Embed App Extensions */ = {
			isa = PBXCopyFilesBuildPhase;
			buildActionMask = 2147483647;
			dstPath = "";
			dstSubfolderSpec = 13;
			files = (
				D72C00652643CE8900EDDA28 /* TileDash MessagesExtension.appex in Embed App Extensions */,
			);
			name = "Embed App Extensions";
			runOnlyForDeploymentPostprocessing = 0;
		};
/* End PBXCopyFilesBuildPhase section */

/* Begin PBXFileReference section */
		D70DDE71269ACA4A00B99785 /* btn_purchase.png */ = {isa = PBXFileReference; lastKnownFileType = image.png; path = btn_purchase.png; sourceTree = "<group>"; };
		D70DDE75269ACD0E00B99785 /* logo.png */ = {isa = PBXFileReference; lastKnownFileType = image.png; path = logo.png; sourceTree = "<group>"; };
		D7173411267D193A00839D00 /* ResultViewController.swift */ = {isa = PBXFileReference; lastKnownFileType = sourcecode.swift; path = ResultViewController.swift; sourceTree = "<group>"; };
		D7246F1B2657888F00715C2A /* BoardViewController.swift */ = {isa = PBXFileReference; lastKnownFileType = sourcecode.swift; path = BoardViewController.swift; sourceTree = "<group>"; };
		D7246F202657915C00715C2A /* block_b.png */ = {isa = PBXFileReference; lastKnownFileType = image.png; path = block_b.png; sourceTree = "<group>"; };
		D7246F212657915C00715C2A /* block_r.png */ = {isa = PBXFileReference; lastKnownFileType = image.png; path = block_r.png; sourceTree = "<group>"; };
		D7246F222657915D00715C2A /* block_w.png */ = {isa = PBXFileReference; lastKnownFileType = image.png; path = block_w.png; sourceTree = "<group>"; };
		D7246F232657915D00715C2A /* block_y.png */ = {isa = PBXFileReference; lastKnownFileType = image.png; path = block_y.png; sourceTree = "<group>"; };
		D7246F242657915D00715C2A /* block_g.png */ = {isa = PBXFileReference; lastKnownFileType = image.png; path = block_g.png; sourceTree = "<group>"; };
		D72C005A2643CE8600EDDA28 /* TileDash.app */ = {isa = PBXFileReference; explicitFileType = wrapper.application; includeInIndex = 0; path = TileDash.app; sourceTree = BUILT_PRODUCTS_DIR; };
		D72C005D2643CE8900EDDA28 /* Assets.xcassets */ = {isa = PBXFileReference; lastKnownFileType = folder.assetcatalog; path = Assets.xcassets; sourceTree = "<group>"; };
		D72C005F2643CE8900EDDA28 /* Info.plist */ = {isa = PBXFileReference; lastKnownFileType = text.plist.xml; path = Info.plist; sourceTree = "<group>"; };
		D72C00642643CE8900EDDA28 /* TileDash MessagesExtension.appex */ = {isa = PBXFileReference; explicitFileType = "wrapper.app-extension"; includeInIndex = 0; path = "TileDash MessagesExtension.appex"; sourceTree = BUILT_PRODUCTS_DIR; };
		D72C00692643CE8900EDDA28 /* Messages.framework */ = {isa = PBXFileReference; lastKnownFileType = wrapper.framework; name = Messages.framework; path = System/Library/Frameworks/Messages.framework; sourceTree = SDKROOT; };
		D72C006C2643CE8900EDDA28 /* MessagesViewController.swift */ = {isa = PBXFileReference; lastKnownFileType = sourcecode.swift; path = MessagesViewController.swift; sourceTree = "<group>"; };
		D72C006F2643CE8900EDDA28 /* Base */ = {isa = PBXFileReference; lastKnownFileType = file.storyboard; name = Base; path = Base.lproj/MainInterface.storyboard; sourceTree = "<group>"; };
		D72C00712643CE8A00EDDA28 /* Assets.xcassets */ = {isa = PBXFileReference; lastKnownFileType = folder.assetcatalog; path = Assets.xcassets; sourceTree = "<group>"; };
		D72C00732643CE8A00EDDA28 /* Info.plist */ = {isa = PBXFileReference; lastKnownFileType = text.plist.xml; path = Info.plist; sourceTree = "<group>"; };
		D73A57922667FE890074C76A /* WinnerViewController.swift */ = {isa = PBXFileReference; lastKnownFileType = sourcecode.swift; path = WinnerViewController.swift; sourceTree = "<group>"; };
		D73A57942668027C0074C76A /* LoserViewController.swift */ = {isa = PBXFileReference; lastKnownFileType = sourcecode.swift; path = LoserViewController.swift; sourceTree = "<group>"; };
		D74A903F26726F06000C875A /* block_o.png */ = {isa = PBXFileReference; lastKnownFileType = image.png; path = block_o.png; sourceTree = "<group>"; };
		D75B205C2666DCDB00117310 /* btn_play.png */ = {isa = PBXFileReference; lastKnownFileType = image.png; path = btn_play.png; sourceTree = "<group>"; };
		D75B205D2666DCDB00117310 /* winner_icon.png */ = {isa = PBXFileReference; lastKnownFileType = image.png; path = winner_icon.png; sourceTree = "<group>"; };
		D75DDD0A265BA9CB00E0DE09 /* ScramblerViewController.swift */ = {isa = PBXFileReference; lastKnownFileType = sourcecode.swift; path = ScramblerViewController.swift; sourceTree = "<group>"; };
		D767640026B787490001ECFB /* block_w_dino.png */ = {isa = PBXFileReference; lastKnownFileType = image.png; path = block_w_dino.png; sourceTree = "<group>"; };
		D767640126B7874A0001ECFB /* block_b_space.png */ = {isa = PBXFileReference; lastKnownFileType = image.png; path = block_b_space.png; sourceTree = "<group>"; };
		D767640226B7874A0001ECFB /* block_o_dino.png */ = {isa = PBXFileReference; lastKnownFileType = image.png; path = block_o_dino.png; sourceTree = "<group>"; };
		D767640326B7874A0001ECFB /* block_o_space.png */ = {isa = PBXFileReference; lastKnownFileType = image.png; path = block_o_space.png; sourceTree = "<group>"; };
		D767640426B7874B0001ECFB /* block_g_dino.png */ = {isa = PBXFileReference; lastKnownFileType = image.png; path = block_g_dino.png; sourceTree = "<group>"; };
		D767640526B7874B0001ECFB /* block_w_space.png */ = {isa = PBXFileReference; lastKnownFileType = image.png; path = block_w_space.png; sourceTree = "<group>"; };
		D767640626B7874C0001ECFB /* block_r_space.png */ = {isa = PBXFileReference; lastKnownFileType = image.png; path = block_r_space.png; sourceTree = "<group>"; };
		D767640726B7874C0001ECFB /* block_g_space.png */ = {isa = PBXFileReference; lastKnownFileType = image.png; path = block_g_space.png; sourceTree = "<group>"; };
		D767640826B7874C0001ECFB /* block_y_dino.png */ = {isa = PBXFileReference; lastKnownFileType = image.png; path = block_y_dino.png; sourceTree = "<group>"; };
		D767640926B7874C0001ECFB /* block_r_dino.png */ = {isa = PBXFileReference; lastKnownFileType = image.png; path = block_r_dino.png; sourceTree = "<group>"; };
		D767640A26B7874D0001ECFB /* block_y_space.png */ = {isa = PBXFileReference; lastKnownFileType = image.png; path = block_y_space.png; sourceTree = "<group>"; };
		D767640B26B7874D0001ECFB /* block_b_dino.png */ = {isa = PBXFileReference; lastKnownFileType = image.png; path = block_b_dino.png; sourceTree = "<group>"; };
		D76D261B26D629CD00B3E2DC /* GoogleMobileAds.framework */ = {isa = PBXFileReference; lastKnownFileType = wrapper.framework; path = GoogleMobileAds.framework; sourceTree = "<group>"; };
		D76D261C26D629CD00B3E2DC /* GoogleUtilities.framework */ = {isa = PBXFileReference; lastKnownFileType = wrapper.framework; path = GoogleUtilities.framework; sourceTree = "<group>"; };
		D76D261D26D629CF00B3E2DC /* PromisesObjC.framework */ = {isa = PBXFileReference; lastKnownFileType = wrapper.framework; path = PromisesObjC.framework; sourceTree = "<group>"; };
		D76D261E26D629CF00B3E2DC /* UserMessagingPlatform.framework */ = {isa = PBXFileReference; lastKnownFileType = wrapper.framework; path = UserMessagingPlatform.framework; sourceTree = "<group>"; };
		D76D261F26D629CF00B3E2DC /* GoogleAppMeasurement.framework */ = {isa = PBXFileReference; lastKnownFileType = wrapper.framework; path = GoogleAppMeasurement.framework; sourceTree = "<group>"; };
		D76D262026D629CF00B3E2DC /* nanopb.framework */ = {isa = PBXFileReference; lastKnownFileType = wrapper.framework; path = nanopb.framework; sourceTree = "<group>"; };
		D76E2AE426B2D28000CAE0D2 /* StoreKit.framework */ = {isa = PBXFileReference; lastKnownFileType = wrapper.framework; name = StoreKit.framework; path = System/Library/Frameworks/StoreKit.framework; sourceTree = SDKROOT; };
		D76E2AE626B2D7DD00CAE0D2 /* IAPHelper.swift */ = {isa = PBXFileReference; fileEncoding = 4; lastKnownFileType = sourcecode.swift; path = IAPHelper.swift; sourceTree = "<group>"; };
		D77F108C2684E86600F9433A /* pink_rect.png */ = {isa = PBXFileReference; lastKnownFileType = image.png; path = pink_rect.png; sourceTree = "<group>"; };
		D77F108E2684EBAC00F9433A /* TutorialViewController.swift */ = {isa = PBXFileReference; lastKnownFileType = sourcecode.swift; path = TutorialViewController.swift; sourceTree = "<group>"; };
		D783BD3F26856286000A3670 /* hand.png */ = {isa = PBXFileReference; lastKnownFileType = image.png; path = hand.png; sourceTree = "<group>"; };
		D795044E26D1BBA60051A032 /* AVFoundation.framework */ = {isa = PBXFileReference; lastKnownFileType = wrapper.framework; name = AVFoundation.framework; path = System/Library/Frameworks/AVFoundation.framework; sourceTree = SDKROOT; };
		D795045126D1BF1E0051A032 /* move.mp3 */ = {isa = PBXFileReference; lastKnownFileType = audio.mp3; path = move.mp3; sourceTree = "<group>"; };
		D795045226D1BF1F0051A032 /* win.mp3 */ = {isa = PBXFileReference; lastKnownFileType = audio.mp3; path = win.mp3; sourceTree = "<group>"; };
		D795045326D1BF1F0051A032 /* lose.mp3 */ = {isa = PBXFileReference; lastKnownFileType = audio.mp3; path = lose.mp3; sourceTree = "<group>"; };
		D7A61B1F2686B477008ADDB5 /* btn_rematch.png */ = {isa = PBXFileReference; lastKnownFileType = image.png; path = btn_rematch.png; sourceTree = "<group>"; };
		D7A61B202686B477008ADDB5 /* btn_quit.png */ = {isa = PBXFileReference; lastKnownFileType = image.png; path = btn_quit.png; sourceTree = "<group>"; };
		D7A98DB92699355900A5FB11 /* StoreVC.swift */ = {isa = PBXFileReference; lastKnownFileType = sourcecode.swift; path = StoreVC.swift; sourceTree = "<group>"; };
		D7A98DBB2699362300A5FB11 /* icon_lock.png */ = {isa = PBXFileReference; lastKnownFileType = image.png; path = icon_lock.png; sourceTree = "<group>"; };
		D7A98DBC2699362300A5FB11 /* icon_remove_ads.png */ = {isa = PBXFileReference; lastKnownFileType = image.png; path = icon_remove_ads.png; sourceTree = "<group>"; };
		D7A98DBD2699362300A5FB11 /* icon_theme2.png */ = {isa = PBXFileReference; lastKnownFileType = image.png; path = icon_theme2.png; sourceTree = "<group>"; };
		D7A98DBE2699362400A5FB11 /* icon_theme1.png */ = {isa = PBXFileReference; lastKnownFileType = image.png; path = icon_theme1.png; sourceTree = "<group>"; };
		D7A98DBF2699362400A5FB11 /* icon_coming_soon.png */ = {isa = PBXFileReference; lastKnownFileType = image.png; path = icon_coming_soon.png; sourceTree = "<group>"; };
		D7A98DC02699362400A5FB11 /* icon_question.png */ = {isa = PBXFileReference; lastKnownFileType = image.png; path = icon_question.png; sourceTree = "<group>"; };
		D7A98DC72699399700A5FB11 /* btn_home.png */ = {isa = PBXFileReference; lastKnownFileType = image.png; path = btn_home.png; sourceTree = "<group>"; };
		D7F82703265CB766007E7D12 /* MainMenuViewController.swift */ = {isa = PBXFileReference; lastKnownFileType = sourcecode.swift; path = MainMenuViewController.swift; sourceTree = "<group>"; };
		D7F82705265CBD40007E7D12 /* TileDash.swift */ = {isa = PBXFileReference; lastKnownFileType = sourcecode.swift; path = TileDash.swift; sourceTree = "<group>"; };
		D7FC91172667694E0049E1AA /* Teko-Bold.ttf */ = {isa = PBXFileReference; lastKnownFileType = file; path = "Teko-Bold.ttf"; sourceTree = "<group>"; };
		D7FC91182667694E0049E1AA /* Teko-Medium.ttf */ = {isa = PBXFileReference; lastKnownFileType = file; path = "Teko-Medium.ttf"; sourceTree = "<group>"; };
		D7FC91192667694E0049E1AA /* Teko-SemiBold.ttf */ = {isa = PBXFileReference; lastKnownFileType = file; path = "Teko-SemiBold.ttf"; sourceTree = "<group>"; };
		D7FC911A2667694E0049E1AA /* Teko-Regular.ttf */ = {isa = PBXFileReference; lastKnownFileType = file; path = "Teko-Regular.ttf"; sourceTree = "<group>"; };
		D7FC911B2667694E0049E1AA /* Teko-Light.ttf */ = {isa = PBXFileReference; lastKnownFileType = file; path = "Teko-Light.ttf"; sourceTree = "<group>"; };
		D7FEC6412658F5D4007A0182 /* GameViewController.swift */ = {isa = PBXFileReference; lastKnownFileType = sourcecode.swift; path = GameViewController.swift; sourceTree = "<group>"; };
/* End PBXFileReference section */

/* Begin PBXFrameworksBuildPhase section */
		D72C00612643CE8900EDDA28 /* Frameworks */ = {
			isa = PBXFrameworksBuildPhase;
			buildActionMask = 2147483647;
			files = (
				D7B46B9326D62D9E0086FB90 /* StoreKit.framework in Frameworks */,
				D795044F26D1BBA60051A032 /* AVFoundation.framework in Frameworks */,
				D76D262326D629D000B3E2DC /* PromisesObjC.framework in Frameworks */,
				D76D262126D629D000B3E2DC /* GoogleMobileAds.framework in Frameworks */,
				D76D262626D629D000B3E2DC /* nanopb.framework in Frameworks */,
				D76D262226D629D000B3E2DC /* GoogleUtilities.framework in Frameworks */,
				D76D262426D629D000B3E2DC /* UserMessagingPlatform.framework in Frameworks */,
				D76D262526D629D000B3E2DC /* GoogleAppMeasurement.framework in Frameworks */,
				D72C006A2643CE8900EDDA28 /* Messages.framework in Frameworks */,
			);
			runOnlyForDeploymentPostprocessing = 0;
		};
/* End PBXFrameworksBuildPhase section */

/* Begin PBXGroup section */
		D7246F1F2657913300715C2A /* Res */ = {
			isa = PBXGroup;
			children = (
				D70DDE75269ACD0E00B99785 /* logo.png */,
				D70DDE71269ACA4A00B99785 /* btn_purchase.png */,
				D7A98DC72699399700A5FB11 /* btn_home.png */,
				D7A98DBF2699362400A5FB11 /* icon_coming_soon.png */,
				D7A98DBB2699362300A5FB11 /* icon_lock.png */,
				D7A98DC02699362400A5FB11 /* icon_question.png */,
				D7A98DBC2699362300A5FB11 /* icon_remove_ads.png */,
				D7A98DBE2699362400A5FB11 /* icon_theme1.png */,
				D7A98DBD2699362300A5FB11 /* icon_theme2.png */,
				D7A61B202686B477008ADDB5 /* btn_quit.png */,
				D7A61B1F2686B477008ADDB5 /* btn_rematch.png */,
				D783BD3F26856286000A3670 /* hand.png */,
				D77F108C2684E86600F9433A /* pink_rect.png */,
				D75B205C2666DCDB00117310 /* btn_play.png */,
				D75B205D2666DCDB00117310 /* winner_icon.png */,
				D7246F202657915C00715C2A /* block_b.png */,
				D7246F242657915D00715C2A /* block_g.png */,
				D74A903F26726F06000C875A /* block_o.png */,
				D7246F212657915C00715C2A /* block_r.png */,
				D7246F222657915D00715C2A /* block_w.png */,
				D7246F232657915D00715C2A /* block_y.png */,
				D767640B26B7874D0001ECFB /* block_b_dino.png */,
				D767640126B7874A0001ECFB /* block_b_space.png */,
				D767640426B7874B0001ECFB /* block_g_dino.png */,
				D767640726B7874C0001ECFB /* block_g_space.png */,
				D767640226B7874A0001ECFB /* block_o_dino.png */,
				D767640326B7874A0001ECFB /* block_o_space.png */,
				D767640926B7874C0001ECFB /* block_r_dino.png */,
				D767640626B7874C0001ECFB /* block_r_space.png */,
				D767640026B787490001ECFB /* block_w_dino.png */,
				D767640526B7874B0001ECFB /* block_w_space.png */,
				D767640826B7874C0001ECFB /* block_y_dino.png */,
				D767640A26B7874D0001ECFB /* block_y_space.png */,
			);
			path = Res;
			sourceTree = "<group>";
		};
		D72C00532643CE8500EDDA28 = {
			isa = PBXGroup;
			children = (
				D795045026D1BEE00051A032 /* sounds */,
				D7FC91162667694E0049E1AA /* fonts */,
				D7246F1F2657913300715C2A /* Res */,
				D72C005C2643CE8600EDDA28 /* TileDash */,
				D72C006B2643CE8900EDDA28 /* TileDash MessagesExtension */,
				D72C00682643CE8900EDDA28 /* Frameworks */,
				D72C005B2643CE8600EDDA28 /* Products */,
			);
			sourceTree = "<group>";
		};
		D72C005B2643CE8600EDDA28 /* Products */ = {
			isa = PBXGroup;
			children = (
				D72C005A2643CE8600EDDA28 /* TileDash.app */,
				D72C00642643CE8900EDDA28 /* TileDash MessagesExtension.appex */,
			);
			name = Products;
			sourceTree = "<group>";
		};
		D72C005C2643CE8600EDDA28 /* TileDash */ = {
			isa = PBXGroup;
			children = (
				D72C005D2643CE8900EDDA28 /* Assets.xcassets */,
				D72C005F2643CE8900EDDA28 /* Info.plist */,
			);
			path = TileDash;
			sourceTree = "<group>";
		};
		D72C00682643CE8900EDDA28 /* Frameworks */ = {
			isa = PBXGroup;
			children = (
				D76D261F26D629CF00B3E2DC /* GoogleAppMeasurement.framework */,
				D76D261B26D629CD00B3E2DC /* GoogleMobileAds.framework */,
				D76D261C26D629CD00B3E2DC /* GoogleUtilities.framework */,
				D76D262026D629CF00B3E2DC /* nanopb.framework */,
				D76D261D26D629CF00B3E2DC /* PromisesObjC.framework */,
				D76D261E26D629CF00B3E2DC /* UserMessagingPlatform.framework */,
				D795044E26D1BBA60051A032 /* AVFoundation.framework */,
				D76E2AE426B2D28000CAE0D2 /* StoreKit.framework */,
				D72C00692643CE8900EDDA28 /* Messages.framework */,
			);
			name = Frameworks;
			sourceTree = "<group>";
		};
		D72C006B2643CE8900EDDA28 /* TileDash MessagesExtension */ = {
			isa = PBXGroup;
			children = (
				D72C006C2643CE8900EDDA28 /* MessagesViewController.swift */,
				D72C006E2643CE8900EDDA28 /* MainInterface.storyboard */,
				D72C00712643CE8A00EDDA28 /* Assets.xcassets */,
				D72C00732643CE8A00EDDA28 /* Info.plist */,
				D7246F1B2657888F00715C2A /* BoardViewController.swift */,
				D7FEC6412658F5D4007A0182 /* GameViewController.swift */,
				D75DDD0A265BA9CB00E0DE09 /* ScramblerViewController.swift */,
				D7F82703265CB766007E7D12 /* MainMenuViewController.swift */,
				D7F82705265CBD40007E7D12 /* TileDash.swift */,
				D73A57922667FE890074C76A /* WinnerViewController.swift */,
				D73A57942668027C0074C76A /* LoserViewController.swift */,
				D7173411267D193A00839D00 /* ResultViewController.swift */,
				D77F108E2684EBAC00F9433A /* TutorialViewController.swift */,
				D7A98DB92699355900A5FB11 /* StoreVC.swift */,
				D76E2AE626B2D7DD00CAE0D2 /* IAPHelper.swift */,
			);
			path = "TileDash MessagesExtension";
			sourceTree = "<group>";
		};
		D795045026D1BEE00051A032 /* sounds */ = {
			isa = PBXGroup;
			children = (
				D795045326D1BF1F0051A032 /* lose.mp3 */,
				D795045126D1BF1E0051A032 /* move.mp3 */,
				D795045226D1BF1F0051A032 /* win.mp3 */,
			);
			path = sounds;
			sourceTree = "<group>";
		};
		D7FC91162667694E0049E1AA /* fonts */ = {
			isa = PBXGroup;
			children = (
				D7FC91172667694E0049E1AA /* Teko-Bold.ttf */,
				D7FC91182667694E0049E1AA /* Teko-Medium.ttf */,
				D7FC91192667694E0049E1AA /* Teko-SemiBold.ttf */,
				D7FC911A2667694E0049E1AA /* Teko-Regular.ttf */,
				D7FC911B2667694E0049E1AA /* Teko-Light.ttf */,
			);
			path = fonts;
			sourceTree = "<group>";
		};
/* End PBXGroup section */

/* Begin PBXNativeTarget section */
		D72C00592643CE8600EDDA28 /* TileDash */ = {
			isa = PBXNativeTarget;
			buildConfigurationList = D72C007A2643CE8A00EDDA28 /* Build configuration list for PBXNativeTarget "TileDash" */;
			buildPhases = (
				D72C00582643CE8600EDDA28 /* Resources */,
				D72C00792643CE8A00EDDA28 /* Embed App Extensions */,
			);
			buildRules = (
			);
			dependencies = (
				D72C00672643CE8900EDDA28 /* PBXTargetDependency */,
			);
			name = TileDash;
			productName = TileDash;
			productReference = D72C005A2643CE8600EDDA28 /* TileDash.app */;
			productType = "com.apple.product-type.application.messages";
		};
		D72C00632643CE8900EDDA28 /* TileDash MessagesExtension */ = {
			isa = PBXNativeTarget;
			buildConfigurationList = D72C00762643CE8A00EDDA28 /* Build configuration list for PBXNativeTarget "TileDash MessagesExtension" */;
			buildPhases = (
				D72C00602643CE8900EDDA28 /* Sources */,
				D72C00612643CE8900EDDA28 /* Frameworks */,
				D72C00622643CE8900EDDA28 /* Resources */,
			);
			buildRules = (
			);
			dependencies = (
			);
			name = "TileDash MessagesExtension";
			productName = "TileDash MessagesExtension";
			productReference = D72C00642643CE8900EDDA28 /* TileDash MessagesExtension.appex */;
			productType = "com.apple.product-type.app-extension.messages";
		};
/* End PBXNativeTarget section */

/* Begin PBXProject section */
		D72C00542643CE8500EDDA28 /* Project object */ = {
			isa = PBXProject;
			attributes = {
				LastSwiftUpdateCheck = 1230;
				LastUpgradeCheck = 1230;
				TargetAttributes = {
					D72C00592643CE8600EDDA28 = {
						CreatedOnToolsVersion = 12.3;
					};
					D72C00632643CE8900EDDA28 = {
						CreatedOnToolsVersion = 12.3;
					};
				};
			};
			buildConfigurationList = D72C00572643CE8500EDDA28 /* Build configuration list for PBXProject "TileDash" */;
			compatibilityVersion = "Xcode 9.3";
			developmentRegion = en;
			hasScannedForEncodings = 0;
			knownRegions = (
				en,
				Base,
			);
			mainGroup = D72C00532643CE8500EDDA28;
			productRefGroup = D72C005B2643CE8600EDDA28 /* Products */;
			projectDirPath = "";
			projectRoot = "";
			targets = (
				D72C00592643CE8600EDDA28 /* TileDash */,
				D72C00632643CE8900EDDA28 /* TileDash MessagesExtension */,
			);
		};
/* End PBXProject section */

/* Begin PBXResourcesBuildPhase section */
		D72C00582643CE8600EDDA28 /* Resources */ = {
			isa = PBXResourcesBuildPhase;
			buildActionMask = 2147483647;
			files = (
				D72C005E2643CE8900EDDA28 /* Assets.xcassets in Resources */,
			);
			runOnlyForDeploymentPostprocessing = 0;
		};
		D72C00622643CE8900EDDA28 /* Resources */ = {
			isa = PBXResourcesBuildPhase;
			buildActionMask = 2147483647;
			files = (
				D767641526B7874D0001ECFB /* block_r_dino.png in Resources */,
				D767641326B7874D0001ECFB /* block_g_space.png in Resources */,
				D767641226B7874D0001ECFB /* block_r_space.png in Resources */,
				D7A61B212686B477008ADDB5 /* btn_rematch.png in Resources */,
				D7A98DC12699362400A5FB11 /* icon_lock.png in Resources */,
				D795045426D1BF1F0051A032 /* move.mp3 in Resources */,
				D767641126B7874D0001ECFB /* block_w_space.png in Resources */,
				D7FC911F2667694E0049E1AA /* Teko-Regular.ttf in Resources */,
				D767640C26B7874D0001ECFB /* block_w_dino.png in Resources */,
				D795045526D1BF1F0051A032 /* win.mp3 in Resources */,
				D75B205F2666DCDB00117310 /* btn_play.png in Resources */,
				D70DDE76269ACD0E00B99785 /* logo.png in Resources */,
				D783BD4026856286000A3670 /* hand.png in Resources */,
				D7FC91202667694E0049E1AA /* Teko-Light.ttf in Resources */,
				D767641626B7874D0001ECFB /* block_y_space.png in Resources */,
				D795045626D1BF1F0051A032 /* lose.mp3 in Resources */,
				D767640F26B7874D0001ECFB /* block_o_space.png in Resources */,
				D7A98DC42699362400A5FB11 /* icon_theme1.png in Resources */,
				D7A98DC52699362400A5FB11 /* icon_coming_soon.png in Resources */,
				D7A61B222686B477008ADDB5 /* btn_quit.png in Resources */,
				D70DDE72269ACA4A00B99785 /* btn_purchase.png in Resources */,
				D7A98DC22699362400A5FB11 /* icon_remove_ads.png in Resources */,
				D767640D26B7874D0001ECFB /* block_b_space.png in Resources */,
				D75B20602666DCDB00117310 /* winner_icon.png in Resources */,
				D7FC911E2667694E0049E1AA /* Teko-SemiBold.ttf in Resources */,
				D7246F262657915D00715C2A /* block_b.png in Resources */,
				D767640E26B7874D0001ECFB /* block_o_dino.png in Resources */,
				D72C00722643CE8A00EDDA28 /* Assets.xcassets in Resources */,
				D74A904026726F06000C875A /* block_o.png in Resources */,
				D767641026B7874D0001ECFB /* block_g_dino.png in Resources */,
				D7A98DC32699362400A5FB11 /* icon_theme2.png in Resources */,
				D7246F282657915D00715C2A /* block_w.png in Resources */,
				D7FC911C2667694E0049E1AA /* Teko-Bold.ttf in Resources */,
				D7246F292657915D00715C2A /* block_y.png in Resources */,
				D7A98DC62699362400A5FB11 /* icon_question.png in Resources */,
				D767641726B7874D0001ECFB /* block_b_dino.png in Resources */,
				D7A98DC82699399700A5FB11 /* btn_home.png in Resources */,
				D77F108D2684E86600F9433A /* pink_rect.png in Resources */,
				D7246F272657915D00715C2A /* block_r.png in Resources */,
				D7FC911D2667694E0049E1AA /* Teko-Medium.ttf in Resources */,
				D72C00702643CE8900EDDA28 /* MainInterface.storyboard in Resources */,
				D767641426B7874D0001ECFB /* block_y_dino.png in Resources */,
				D7246F2A2657915D00715C2A /* block_g.png in Resources */,
			);
			runOnlyForDeploymentPostprocessing = 0;
		};
/* End PBXResourcesBuildPhase section */

/* Begin PBXSourcesBuildPhase section */
		D72C00602643CE8900EDDA28 /* Sources */ = {
			isa = PBXSourcesBuildPhase;
			buildActionMask = 2147483647;
			files = (
				D73A57952668027C0074C76A /* LoserViewController.swift in Sources */,
				D7F82706265CBD40007E7D12 /* TileDash.swift in Sources */,
				D7A98DBA2699355900A5FB11 /* StoreVC.swift in Sources */,
				D77F108F2684EBAC00F9433A /* TutorialViewController.swift in Sources */,
				D76E2AE726B2D7DD00CAE0D2 /* IAPHelper.swift in Sources */,
				D7FEC6422658F5D4007A0182 /* GameViewController.swift in Sources */,
				D7F82704265CB766007E7D12 /* MainMenuViewController.swift in Sources */,
				D72C006D2643CE8900EDDA28 /* MessagesViewController.swift in Sources */,
				D73A57932667FE890074C76A /* WinnerViewController.swift in Sources */,
				D75DDD0B265BA9CB00E0DE09 /* ScramblerViewController.swift in Sources */,
				D7173412267D193A00839D00 /* ResultViewController.swift in Sources */,
				D7246F1C2657888F00715C2A /* BoardViewController.swift in Sources */,
			);
			runOnlyForDeploymentPostprocessing = 0;
		};
/* End PBXSourcesBuildPhase section */

/* Begin PBXTargetDependency section */
		D72C00672643CE8900EDDA28 /* PBXTargetDependency */ = {
			isa = PBXTargetDependency;
			target = D72C00632643CE8900EDDA28 /* TileDash MessagesExtension */;
			targetProxy = D72C00662643CE8900EDDA28 /* PBXContainerItemProxy */;
		};
/* End PBXTargetDependency section */

/* Begin PBXVariantGroup section */
		D72C006E2643CE8900EDDA28 /* MainInterface.storyboard */ = {
			isa = PBXVariantGroup;
			children = (
				D72C006F2643CE8900EDDA28 /* Base */,
			);
			name = MainInterface.storyboard;
			sourceTree = "<group>";
		};
/* End PBXVariantGroup section */

/* Begin XCBuildConfiguration section */
		D72C00742643CE8A00EDDA28 /* Debug */ = {
			isa = XCBuildConfiguration;
			buildSettings = {
				ALWAYS_SEARCH_USER_PATHS = NO;
				CLANG_ANALYZER_NONNULL = YES;
				CLANG_ANALYZER_NUMBER_OBJECT_CONVERSION = YES_AGGRESSIVE;
				CLANG_CXX_LANGUAGE_STANDARD = "gnu++14";
				CLANG_CXX_LIBRARY = "libc++";
				CLANG_ENABLE_MODULES = YES;
				CLANG_ENABLE_OBJC_ARC = YES;
				CLANG_ENABLE_OBJC_WEAK = YES;
				CLANG_WARN_BLOCK_CAPTURE_AUTORELEASING = YES;
				CLANG_WARN_BOOL_CONVERSION = YES;
				CLANG_WARN_COMMA = YES;
				CLANG_WARN_CONSTANT_CONVERSION = YES;
				CLANG_WARN_DEPRECATED_OBJC_IMPLEMENTATIONS = YES;
				CLANG_WARN_DIRECT_OBJC_ISA_USAGE = YES_ERROR;
				CLANG_WARN_DOCUMENTATION_COMMENTS = YES;
				CLANG_WARN_EMPTY_BODY = YES;
				CLANG_WARN_ENUM_CONVERSION = YES;
				CLANG_WARN_INFINITE_RECURSION = YES;
				CLANG_WARN_INT_CONVERSION = YES;
				CLANG_WARN_NON_LITERAL_NULL_CONVERSION = YES;
				CLANG_WARN_OBJC_IMPLICIT_RETAIN_SELF = YES;
				CLANG_WARN_OBJC_LITERAL_CONVERSION = YES;
				CLANG_WARN_OBJC_ROOT_CLASS = YES_ERROR;
				CLANG_WARN_QUOTED_INCLUDE_IN_FRAMEWORK_HEADER = YES;
				CLANG_WARN_RANGE_LOOP_ANALYSIS = YES;
				CLANG_WARN_STRICT_PROTOTYPES = YES;
				CLANG_WARN_SUSPICIOUS_MOVE = YES;
				CLANG_WARN_UNGUARDED_AVAILABILITY = YES_AGGRESSIVE;
				CLANG_WARN_UNREACHABLE_CODE = YES;
				CLANG_WARN__DUPLICATE_METHOD_MATCH = YES;
				COPY_PHASE_STRIP = NO;
				DEBUG_INFORMATION_FORMAT = dwarf;
				ENABLE_STRICT_OBJC_MSGSEND = YES;
				ENABLE_TESTABILITY = YES;
				GCC_C_LANGUAGE_STANDARD = gnu11;
				GCC_DYNAMIC_NO_PIC = NO;
				GCC_NO_COMMON_BLOCKS = YES;
				GCC_OPTIMIZATION_LEVEL = 0;
				GCC_PREPROCESSOR_DEFINITIONS = (
					"DEBUG=1",
					"$(inherited)",
				);
				GCC_WARN_64_TO_32_BIT_CONVERSION = YES;
				GCC_WARN_ABOUT_RETURN_TYPE = YES_ERROR;
				GCC_WARN_UNDECLARED_SELECTOR = YES;
				GCC_WARN_UNINITIALIZED_AUTOS = YES_AGGRESSIVE;
				GCC_WARN_UNUSED_FUNCTION = YES;
				GCC_WARN_UNUSED_VARIABLE = YES;
				IPHONEOS_DEPLOYMENT_TARGET = 14.3;
				MTL_ENABLE_DEBUG_INFO = INCLUDE_SOURCE;
				MTL_FAST_MATH = YES;
				ONLY_ACTIVE_ARCH = YES;
				OTHER_LDFLAGS = "-ObjC";
				SDKROOT = iphoneos;
				SWIFT_ACTIVE_COMPILATION_CONDITIONS = DEBUG;
				SWIFT_OPTIMIZATION_LEVEL = "-Onone";
			};
			name = Debug;
		};
		D72C00752643CE8A00EDDA28 /* Release */ = {
			isa = XCBuildConfiguration;
			buildSettings = {
				ALWAYS_SEARCH_USER_PATHS = NO;
				CLANG_ANALYZER_NONNULL = YES;
				CLANG_ANALYZER_NUMBER_OBJECT_CONVERSION = YES_AGGRESSIVE;
				CLANG_CXX_LANGUAGE_STANDARD = "gnu++14";
				CLANG_CXX_LIBRARY = "libc++";
				CLANG_ENABLE_MODULES = YES;
				CLANG_ENABLE_OBJC_ARC = YES;
				CLANG_ENABLE_OBJC_WEAK = YES;
				CLANG_WARN_BLOCK_CAPTURE_AUTORELEASING = YES;
				CLANG_WARN_BOOL_CONVERSION = YES;
				CLANG_WARN_COMMA = YES;
				CLANG_WARN_CONSTANT_CONVERSION = YES;
				CLANG_WARN_DEPRECATED_OBJC_IMPLEMENTATIONS = YES;
				CLANG_WARN_DIRECT_OBJC_ISA_USAGE = YES_ERROR;
				CLANG_WARN_DOCUMENTATION_COMMENTS = YES;
				CLANG_WARN_EMPTY_BODY = YES;
				CLANG_WARN_ENUM_CONVERSION = YES;
				CLANG_WARN_INFINITE_RECURSION = YES;
				CLANG_WARN_INT_CONVERSION = YES;
				CLANG_WARN_NON_LITERAL_NULL_CONVERSION = YES;
				CLANG_WARN_OBJC_IMPLICIT_RETAIN_SELF = YES;
				CLANG_WARN_OBJC_LITERAL_CONVERSION = YES;
				CLANG_WARN_OBJC_ROOT_CLASS = YES_ERROR;
				CLANG_WARN_QUOTED_INCLUDE_IN_FRAMEWORK_HEADER = YES;
				CLANG_WARN_RANGE_LOOP_ANALYSIS = YES;
				CLANG_WARN_STRICT_PROTOTYPES = YES;
				CLANG_WARN_SUSPICIOUS_MOVE = YES;
				CLANG_WARN_UNGUARDED_AVAILABILITY = YES_AGGRESSIVE;
				CLANG_WARN_UNREACHABLE_CODE = YES;
				CLANG_WARN__DUPLICATE_METHOD_MATCH = YES;
				COPY_PHASE_STRIP = NO;
				DEBUG_INFORMATION_FORMAT = "dwarf-with-dsym";
				ENABLE_NS_ASSERTIONS = NO;
				ENABLE_STRICT_OBJC_MSGSEND = YES;
				GCC_C_LANGUAGE_STANDARD = gnu11;
				GCC_NO_COMMON_BLOCKS = YES;
				GCC_WARN_64_TO_32_BIT_CONVERSION = YES;
				GCC_WARN_ABOUT_RETURN_TYPE = YES_ERROR;
				GCC_WARN_UNDECLARED_SELECTOR = YES;
				GCC_WARN_UNINITIALIZED_AUTOS = YES_AGGRESSIVE;
				GCC_WARN_UNUSED_FUNCTION = YES;
				GCC_WARN_UNUSED_VARIABLE = YES;
				IPHONEOS_DEPLOYMENT_TARGET = 14.3;
				MTL_ENABLE_DEBUG_INFO = NO;
				MTL_FAST_MATH = YES;
				OTHER_LDFLAGS = "-ObjC";
				SDKROOT = iphoneos;
				SWIFT_COMPILATION_MODE = wholemodule;
				SWIFT_OPTIMIZATION_LEVEL = "-O";
				VALIDATE_PRODUCT = YES;
			};
			name = Release;
		};
		D72C00772643CE8A00EDDA28 /* Debug */ = {
			isa = XCBuildConfiguration;
			buildSettings = {
				ASSETCATALOG_COMPILER_APPICON_NAME = "iMessage App Icon";
				CODE_SIGN_IDENTITY = "iPhone Developer";
				CODE_SIGN_STYLE = Manual;
				CURRENT_PROJECT_VERSION = 0;
				DEVELOPMENT_TEAM = 3U9FTFZ73K;
				FRAMEWORK_SEARCH_PATHS = (
					"$(inherited)",
					"$(PROJECT_DIR)",
				);
				INFOPLIST_FILE = "TileDash MessagesExtension/Info.plist";
				LD_RUNPATH_SEARCH_PATHS = (
					"$(inherited)",
					"@executable_path/Frameworks",
					"@executable_path/../../Frameworks",
				);
				MARKETING_VERSION = 0.2.0;
				PRODUCT_BUNDLE_IDENTIFIER = com.xappsys.tiledash.extension;
				PRODUCT_NAME = "$(TARGET_NAME)";
				PROVISIONING_PROFILE_SPECIFIER = provision_development_tiledash_extension;
				SKIP_INSTALL = YES;
				SWIFT_VERSION = 5.0;
				TARGETED_DEVICE_FAMILY = "1,2";
			};
			name = Debug;
		};
		D72C00782643CE8A00EDDA28 /* Release */ = {
			isa = XCBuildConfiguration;
			buildSettings = {
				ASSETCATALOG_COMPILER_APPICON_NAME = "iMessage App Icon";
				CODE_SIGN_IDENTITY = "iPhone Distribution";
				CODE_SIGN_STYLE = Manual;
				CURRENT_PROJECT_VERSION = 0;
				DEVELOPMENT_TEAM = 3U9FTFZ73K;
				FRAMEWORK_SEARCH_PATHS = (
					"$(inherited)",
					"$(PROJECT_DIR)",
				);
				INFOPLIST_FILE = "TileDash MessagesExtension/Info.plist";
				LD_RUNPATH_SEARCH_PATHS = (
					"$(inherited)",
					"@executable_path/Frameworks",
					"@executable_path/../../Frameworks",
				);
				MARKETING_VERSION = 0.2.0;
				PRODUCT_BUNDLE_IDENTIFIER = com.xappsys.tiledash.extension;
				PRODUCT_NAME = "$(TARGET_NAME)";
				PROVISIONING_PROFILE_SPECIFIER = provision_distribution_tiledash_extension;
				SKIP_INSTALL = YES;
				SWIFT_VERSION = 5.0;
				TARGETED_DEVICE_FAMILY = "1,2";
			};
			name = Release;
		};
		D72C007B2643CE8A00EDDA28 /* Debug */ = {
			isa = XCBuildConfiguration;
			buildSettings = {
				ALWAYS_EMBED_SWIFT_STANDARD_LIBRARIES = YES;
				ASSETCATALOG_COMPILER_APPICON_NAME = AppIcon;
				CODE_SIGN_IDENTITY = "iPhone Developer";
				CODE_SIGN_STYLE = Manual;
				CURRENT_PROJECT_VERSION = 0;
				DEVELOPMENT_TEAM = 3U9FTFZ73K;
				INFOPLIST_FILE = TileDash/Info.plist;
				MARKETING_VERSION = 0.2.0;
				PRODUCT_BUNDLE_IDENTIFIER = com.xappsys.tiledash;
				PRODUCT_NAME = "$(TARGET_NAME)";
				PROVISIONING_PROFILE_SPECIFIER = provision_development_tiledash;
				SWIFT_VERSION = 5.0;
				TARGETED_DEVICE_FAMILY = "1,2";
			};
			name = Debug;
		};
		D72C007C2643CE8A00EDDA28 /* Release */ = {
			isa = XCBuildConfiguration;
			buildSettings = {
				ALWAYS_EMBED_SWIFT_STANDARD_LIBRARIES = YES;
				ASSETCATALOG_COMPILER_APPICON_NAME = AppIcon;
				CODE_SIGN_IDENTITY = "iPhone Distribution";
				CODE_SIGN_STYLE = Manual;
				CURRENT_PROJECT_VERSION = 0;
				DEVELOPMENT_TEAM = 3U9FTFZ73K;
				INFOPLIST_FILE = TileDash/Info.plist;
				MARKETING_VERSION = 0.2.0;
				PRODUCT_BUNDLE_IDENTIFIER = com.xappsys.tiledash;
				PRODUCT_NAME = "$(TARGET_NAME)";
				PROVISIONING_PROFILE_SPECIFIER = provision_distribution_tiledash;
				SWIFT_VERSION = 5.0;
				TARGETED_DEVICE_FAMILY = "1,2";
			};
			name = Release;
		};
/* End XCBuildConfiguration section */

/* Begin XCConfigurationList section */
		D72C00572643CE8500EDDA28 /* Build configuration list for PBXProject "TileDash" */ = {
			isa = XCConfigurationList;
			buildConfigurations = (
				D72C00742643CE8A00EDDA28 /* Debug */,
				D72C00752643CE8A00EDDA28 /* Release */,
			);
			defaultConfigurationIsVisible = 0;
			defaultConfigurationName = Release;
		};
		D72C00762643CE8A00EDDA28 /* Build configuration list for PBXNativeTarget "TileDash MessagesExtension" */ = {
			isa = XCConfigurationList;
			buildConfigurations = (
				D72C00772643CE8A00EDDA28 /* Debug */,
				D72C00782643CE8A00EDDA28 /* Release */,
			);
			defaultConfigurationIsVisible = 0;
			defaultConfigurationName = Release;
		};
		D72C007A2643CE8A00EDDA28 /* Build configuration list for PBXNativeTarget "TileDash" */ = {
			isa = XCConfigurationList;
			buildConfigurations = (
				D72C007B2643CE8A00EDDA28 /* Debug */,
				D72C007C2643CE8A00EDDA28 /* Release */,
			);
			defaultConfigurationIsVisible = 0;
			defaultConfigurationName = Release;
		};
/* End XCConfigurationList section */
	};
	rootObject = D72C00542643CE8500EDDA28 /* Project object */;
}
